// !$*UTF8*$!
{
	archiveVersion = 1;
	classes = {
	};
	objectVersion = 46;
	objects = {

/* Begin PBXBuildFile section */
		6F8F17121E00E8EB00A4C048 /* radio_button_on_32px_555416_easyicon.net.png in Resources */ = {isa = PBXBuildFile; fileRef = 6F8F17111E00E8EB00A4C048 /* radio_button_on_32px_555416_easyicon.net.png */; };
		6F8F17151E00EA2500A4C048 /* DVSwitch.m in Sources */ = {isa = PBXBuildFile; fileRef = 6F8F17141E00EA2500A4C048 /* DVSwitch.m */; };
		6FDC93C11DE8311800991663 /* main.m in Sources */ = {isa = PBXBuildFile; fileRef = 6FDC93C01DE8311800991663 /* main.m */; };
		6FDC93C41DE8311800991663 /* AppDelegate.m in Sources */ = {isa = PBXBuildFile; fileRef = 6FDC93C31DE8311800991663 /* AppDelegate.m */; };
		6FDC93C71DE8311800991663 /* ViewController.m in Sources */ = {isa = PBXBuildFile; fileRef = 6FDC93C61DE8311800991663 /* ViewController.m */; };
		6FDC93CA1DE8311800991663 /* Main.storyboard in Resources */ = {isa = PBXBuildFile; fileRef = 6FDC93C81DE8311800991663 /* Main.storyboard */; };
		6FDC93CC1DE8311800991663 /* Assets.xcassets in Resources */ = {isa = PBXBuildFile; fileRef = 6FDC93CB1DE8311800991663 /* Assets.xcassets */; };
		6FDC93CF1DE8311800991663 /* LaunchScreen.storyboard in Resources */ = {isa = PBXBuildFile; fileRef = 6FDC93CD1DE8311800991663 /* LaunchScreen.storyboard */; };
		6FDC93DA1DE8311800991663 /* Socket__Tests.m in Sources */ = {isa = PBXBuildFile; fileRef = 6FDC93D91DE8311800991663 /* Socket__Tests.m */; };
		6FDC93E51DE8311800991663 /* Socket__UITests.m in Sources */ = {isa = PBXBuildFile; fileRef = 6FDC93E41DE8311800991663 /* Socket__UITests.m */; };
/* End PBXBuildFile section */

/* Begin PBXContainerItemProxy section */
		6FDC93D61DE8311800991663 /* PBXContainerItemProxy */ = {
			isa = PBXContainerItemProxy;
			containerPortal = 6FDC93B41DE8311700991663 /* Project object */;
			proxyType = 1;
			remoteGlobalIDString = 6FDC93BB1DE8311700991663;
			remoteInfo = "Socket通信";
		};
		6FDC93E11DE8311800991663 /* PBXContainerItemProxy */ = {
			isa = PBXContainerItemProxy;
			containerPortal = 6FDC93B41DE8311700991663 /* Project object */;
			proxyType = 1;
			remoteGlobalIDString = 6FDC93BB1DE8311700991663;
			remoteInfo = "Socket通信";
		};
/* End PBXContainerItemProxy section */

/* Begin PBXFileReference section */
		6F8F17111E00E8EB00A4C048 /* radio_button_on_32px_555416_easyicon.net.png */ = {isa = PBXFileReference; lastKnownFileType = image.png; path = radio_button_on_32px_555416_easyicon.net.png; sourceTree = "<group>"; };
		6F8F17131E00EA2500A4C048 /* DVSwitch.h */ = {isa = PBXFileReference; fileEncoding = 4; lastKnownFileType = sourcecode.c.h; path = DVSwitch.h; sourceTree = "<group>"; };
		6F8F17141E00EA2500A4C048 /* DVSwitch.m */ = {isa = PBXFileReference; fileEncoding = 4; lastKnownFileType = sourcecode.c.objc; path = DVSwitch.m; sourceTree = "<group>"; };
		6FDC93BC1DE8311800991663 /* Socket通信.app */ = {isa = PBXFileReference; explicitFileType = wrapper.application; includeInIndex = 0; path = "Socket通信.app"; sourceTree = BUILT_PRODUCTS_DIR; };
		6FDC93C01DE8311800991663 /* main.m */ = {isa = PBXFileReference; lastKnownFileType = sourcecode.c.objc; path = main.m; sourceTree = "<group>"; };
		6FDC93C21DE8311800991663 /* AppDelegate.h */ = {isa = PBXFileReference; lastKnownFileType = sourcecode.c.h; path = AppDelegate.h; sourceTree = "<group>"; };
		6FDC93C31DE8311800991663 /* AppDelegate.m */ = {isa = PBXFileReference; lastKnownFileType = sourcecode.c.objc; path = AppDelegate.m; sourceTree = "<group>"; };
		6FDC93C51DE8311800991663 /* ViewController.h */ = {isa = PBXFileReference; lastKnownFileType = sourcecode.c.h; path = ViewController.h; sourceTree = "<group>"; };
		6FDC93C61DE8311800991663 /* ViewController.m */ = {isa = PBXFileReference; lastKnownFileType = sourcecode.c.objc; path = ViewController.m; sourceTree = "<group>"; };
		6FDC93C91DE8311800991663 /* Base */ = {isa = PBXFileReference; lastKnownFileType = file.storyboard; name = Base; path = Base.lproj/Main.storyboard; sourceTree = "<group>"; };
		6FDC93CB1DE8311800991663 /* Assets.xcassets */ = {isa = PBXFileReference; lastKnownFileType = folder.assetcatalog; path = Assets.xcassets; sourceTree = "<group>"; };
		6FDC93CE1DE8311800991663 /* Base */ = {isa = PBXFileReference; lastKnownFileType = file.storyboard; name = Base; path = Base.lproj/LaunchScreen.storyboard; sourceTree = "<group>"; };
		6FDC93D01DE8311800991663 /* Info.plist */ = {isa = PBXFileReference; lastKnownFileType = text.plist.xml; path = Info.plist; sourceTree = "<group>"; };
		6FDC93D51DE8311800991663 /* Socket通信Tests.xctest */ = {isa = PBXFileReference; explicitFileType = wrapper.cfbundle; includeInIndex = 0; path = "Socket通信Tests.xctest"; sourceTree = BUILT_PRODUCTS_DIR; };
		6FDC93D91DE8311800991663 /* Socket__Tests.m */ = {isa = PBXFileReference; lastKnownFileType = sourcecode.c.objc; path = Socket__Tests.m; sourceTree = "<group>"; };
		6FDC93DB1DE8311800991663 /* Info.plist */ = {isa = PBXFileReference; lastKnownFileType = text.plist.xml; path = Info.plist; sourceTree = "<group>"; };
		6FDC93E01DE8311800991663 /* Socket通信UITests.xctest */ = {isa = PBXFileReference; explicitFileType = wrapper.cfbundle; includeInIndex = 0; path = "Socket通信UITests.xctest"; sourceTree = BUILT_PRODUCTS_DIR; };
		6FDC93E41DE8311800991663 /* Socket__UITests.m */ = {isa = PBXFileReference; lastKnownFileType = sourcecode.c.objc; path = Socket__UITests.m; sourceTree = "<group>"; };
		6FDC93E61DE8311800991663 /* Info.plist */ = {isa = PBXFileReference; lastKnownFileType = text.plist.xml; path = Info.plist; sourceTree = "<group>"; };
/* End PBXFileReference section */

/* Begin PBXFrameworksBuildPhase section */
		6FDC93B91DE8311700991663 /* Frameworks */ = {
			isa = PBXFrameworksBuildPhase;
			buildActionMask = 2147483647;
			files = (
			);
			runOnlyForDeploymentPostprocessing = 0;
		};
		6FDC93D21DE8311800991663 /* Frameworks */ = {
			isa = PBXFrameworksBuildPhase;
			buildActionMask = 2147483647;
			files = (
			);
			runOnlyForDeploymentPostprocessing = 0;
		};
		6FDC93DD1DE8311800991663 /* Frameworks */ = {
			isa = PBXFrameworksBuildPhase;
			buildActionMask = 2147483647;
			files = (
			);
			runOnlyForDeploymentPostprocessing = 0;
		};
/* End PBXFrameworksBuildPhase section */

/* Begin PBXGroup section */
		6FDC93B31DE8311700991663 = {
			isa = PBXGroup;
			children = (
				6FDC93BE1DE8311800991663 /* Socket通信 */,
				6FDC93D81DE8311800991663 /* Socket通信Tests */,
				6FDC93E31DE8311800991663 /* Socket通信UITests */,
				6FDC93BD1DE8311800991663 /* Products */,
			);
			sourceTree = "<group>";
		};
		6FDC93BD1DE8311800991663 /* Products */ = {
			isa = PBXGroup;
			children = (
				6FDC93BC1DE8311800991663 /* Socket通信.app */,
				6FDC93D51DE8311800991663 /* Socket通信Tests.xctest */,
				6FDC93E01DE8311800991663 /* Socket通信UITests.xctest */,
			);
			name = Products;
			sourceTree = "<group>";
		};
		6FDC93BE1DE8311800991663 /* Socket通信 */ = {
			isa = PBXGroup;
			children = (
				6FDC93C21DE8311800991663 /* AppDelegate.h */,
				6FDC93C31DE8311800991663 /* AppDelegate.m */,
				6FDC93C51DE8311800991663 /* ViewController.h */,
				6FDC93C61DE8311800991663 /* ViewController.m */,
				6F8F17131E00EA2500A4C048 /* DVSwitch.h */,
				6F8F17141E00EA2500A4C048 /* DVSwitch.m */,
				6FDC93C81DE8311800991663 /* Main.storyboard */,
				6FDC93CB1DE8311800991663 /* Assets.xcassets */,
				6F8F17111E00E8EB00A4C048 /* radio_button_on_32px_555416_easyicon.net.png */,
				6FDC93CD1DE8311800991663 /* LaunchScreen.storyboard */,
				6FDC93D01DE8311800991663 /* Info.plist */,
				6FDC93BF1DE8311800991663 /* Supporting Files */,
			);
			path = "Socket通信";
			sourceTree = "<group>";
		};
		6FDC93BF1DE8311800991663 /* Supporting Files */ = {
			isa = PBXGroup;
			children = (
				6FDC93C01DE8311800991663 /* main.m */,
			);
			name = "Supporting Files";
			sourceTree = "<group>";
		};
		6FDC93D81DE8311800991663 /* Socket通信Tests */ = {
			isa = PBXGroup;
			children = (
				6FDC93D91DE8311800991663 /* Socket__Tests.m */,
				6FDC93DB1DE8311800991663 /* Info.plist */,
			);
			path = "Socket通信Tests";
			sourceTree = "<group>";
		};
		6FDC93E31DE8311800991663 /* Socket通信UITests */ = {
			isa = PBXGroup;
			children = (
				6FDC93E41DE8311800991663 /* Socket__UITests.m */,
				6FDC93E61DE8311800991663 /* Info.plist */,
			);
			path = "Socket通信UITests";
			sourceTree = "<group>";
		};
/* End PBXGroup section */

/* Begin PBXNativeTarget section */
		6FDC93BB1DE8311700991663 /* Socket通信 */ = {
			isa = PBXNativeTarget;
			buildConfigurationList = 6FDC93E91DE8311800991663 /* Build configuration list for PBXNativeTarget "Socket通信" */;
			buildPhases = (
				6FDC93B81DE8311700991663 /* Sources */,
				6FDC93B91DE8311700991663 /* Frameworks */,
				6FDC93BA1DE8311700991663 /* Resources */,
			);
			buildRules = (
			);
			dependencies = (
			);
			name = "Socket通信";
			productName = "Socket通信";
			productReference = 6FDC93BC1DE8311800991663 /* Socket通信.app */;
			productType = "com.apple.product-type.application";
		};
		6FDC93D41DE8311800991663 /* Socket通信Tests */ = {
			isa = PBXNativeTarget;
			buildConfigurationList = 6FDC93EC1DE8311800991663 /* Build configuration list for PBXNativeTarget "Socket通信Tests" */;
			buildPhases = (
				6FDC93D11DE8311800991663 /* Sources */,
				6FDC93D21DE8311800991663 /* Frameworks */,
				6FDC93D31DE8311800991663 /* Resources */,
			);
			buildRules = (
			);
			dependencies = (
				6FDC93D71DE8311800991663 /* PBXTargetDependency */,
			);
			name = "Socket通信Tests";
			productName = "Socket通信Tests";
			productReference = 6FDC93D51DE8311800991663 /* Socket通信Tests.xctest */;
			productType = "com.apple.product-type.bundle.unit-test";
		};
		6FDC93DF1DE8311800991663 /* Socket通信UITests */ = {
			isa = PBXNativeTarget;
			buildConfigurationList = 6FDC93EF1DE8311800991663 /* Build configuration list for PBXNativeTarget "Socket通信UITests" */;
			buildPhases = (
				6FDC93DC1DE8311800991663 /* Sources */,
				6FDC93DD1DE8311800991663 /* Frameworks */,
				6FDC93DE1DE8311800991663 /* Resources */,
			);
			buildRules = (
			);
			dependencies = (
				6FDC93E21DE8311800991663 /* PBXTargetDependency */,
			);
			name = "Socket通信UITests";
			productName = "Socket通信UITests";
			productReference = 6FDC93E01DE8311800991663 /* Socket通信UITests.xctest */;
			productType = "com.apple.product-type.bundle.ui-testing";
		};
/* End PBXNativeTarget section */

/* Begin PBXProject section */
		6FDC93B41DE8311700991663 /* Project object */ = {
			isa = PBXProject;
			attributes = {
				LastUpgradeCheck = 0800;
				ORGANIZATIONNAME = "kys-5";
				TargetAttributes = {
					6FDC93BB1DE8311700991663 = {
						CreatedOnToolsVersion = 8.0;
						DevelopmentTeam = 8Z3BCBA7P2;
						ProvisioningStyle = Automatic;
					};
					6FDC93D41DE8311800991663 = {
						CreatedOnToolsVersion = 8.0;
						DevelopmentTeam = 8Z3BCBA7P2;
						ProvisioningStyle = Automatic;
						TestTargetID = 6FDC93BB1DE8311700991663;
					};
					6FDC93DF1DE8311800991663 = {
						CreatedOnToolsVersion = 8.0;
						DevelopmentTeam = 8Z3BCBA7P2;
						ProvisioningStyle = Automatic;
						TestTargetID = 6FDC93BB1DE8311700991663;
					};
				};
			};
			buildConfigurationList = 6FDC93B71DE8311700991663 /* Build configuration list for PBXProject "Socket通信" */;
			compatibilityVersion = "Xcode 3.2";
			developmentRegion = English;
			hasScannedForEncodings = 0;
			knownRegions = (
				en,
				Base,
			);
			mainGroup = 6FDC93B31DE8311700991663;
			productRefGroup = 6FDC93BD1DE8311800991663 /* Products */;
			projectDirPath = "";
			projectRoot = "";
			targets = (
				6FDC93BB1DE8311700991663 /* Socket通信 */,
				6FDC93D41DE8311800991663 /* Socket通信Tests */,
				6FDC93DF1DE8311800991663 /* Socket通信UITests */,
			);
		};
/* End PBXProject section */

/* Begin PBXResourcesBuildPhase section */
		6FDC93BA1DE8311700991663 /* Resources */ = {
			isa = PBXResourcesBuildPhase;
			buildActionMask = 2147483647;
			files = (
				6FDC93CF1DE8311800991663 /* LaunchScreen.storyboard in Resources */,
				6F8F17121E00E8EB00A4C048 /* radio_button_on_32px_555416_easyicon.net.png in Resources */,
				6FDC93CC1DE8311800991663 /* Assets.xcassets in Resources */,
				6FDC93CA1DE8311800991663 /* Main.storyboard in Resources */,
			);
			runOnlyForDeploymentPostprocessing = 0;
		};
		6FDC93D31DE8311800991663 /* Resources */ = {
			isa = PBXResourcesBuildPhase;
			buildActionMask = 2147483647;
			files = (
			);
			runOnlyForDeploymentPostprocessing = 0;
		};
		6FDC93DE1DE8311800991663 /* Resources */ = {
			isa = PBXResourcesBuildPhase;
			buildActionMask = 2147483647;
			files = (
			);
			runOnlyForDeploymentPostprocessing = 0;
		};
/* End PBXResourcesBuildPhase section */

/* Begin PBXSourcesBuildPhase section */
		6FDC93B81DE8311700991663 /* Sources */ = {
			isa = PBXSourcesBuildPhase;
			buildActionMask = 2147483647;
			files = (
				6FDC93C71DE8311800991663 /* ViewController.m in Sources */,
				6F8F17151E00EA2500A4C048 /* DVSwitch.m in Sources */,
				6FDC93C41DE8311800991663 /* AppDelegate.m in Sources */,
				6FDC93C11DE8311800991663 /* main.m in Sources */,
			);
			runOnlyForDeploymentPostprocessing = 0;
		};
		6FDC93D11DE8311800991663 /* Sources */ = {
			isa = PBXSourcesBuildPhase;
			buildActionMask = 2147483647;
			files = (
				6FDC93DA1DE8311800991663 /* Socket__Tests.m in Sources */,
			);
			runOnlyForDeploymentPostprocessing = 0;
		};
		6FDC93DC1DE8311800991663 /* Sources */ = {
			isa = PBXSourcesBuildPhase;
			buildActionMask = 2147483647;
			files = (
				6FDC93E51DE8311800991663 /* Socket__UITests.m in Sources */,
			);
			runOnlyForDeploymentPostprocessing = 0;
		};
/* End PBXSourcesBuildPhase section */

/* Begin PBXTargetDependency section */
		6FDC93D71DE8311800991663 /* PBXTargetDependency */ = {
			isa = PBXTargetDependency;
			target = 6FDC93BB1DE8311700991663 /* Socket通信 */;
			targetProxy = 6FDC93D61DE8311800991663 /* PBXContainerItemProxy */;
		};
		6FDC93E21DE8311800991663 /* PBXTargetDependency */ = {
			isa = PBXTargetDependency;
			target = 6FDC93BB1DE8311700991663 /* Socket通信 */;
			targetProxy = 6FDC93E11DE8311800991663 /* PBXContainerItemProxy */;
		};
/* End PBXTargetDependency section */

/* Begin PBXVariantGroup section */
		6FDC93C81DE8311800991663 /* Main.storyboard */ = {
			isa = PBXVariantGroup;
			children = (
				6FDC93C91DE8311800991663 /* Base */,
			);
			name = Main.storyboard;
			sourceTree = "<group>";
		};
		6FDC93CD1DE8311800991663 /* LaunchScreen.storyboard */ = {
			isa = PBXVariantGroup;
			children = (
				6FDC93CE1DE8311800991663 /* Base */,
			);
			name = LaunchScreen.storyboard;
			sourceTree = "<group>";
		};
/* End PBXVariantGroup section */

/* Begin XCBuildConfiguration section */
		6FDC93E71DE8311800991663 /* Debug */ = {
			isa = XCBuildConfiguration;
			buildSettings = {
				ALWAYS_SEARCH_USER_PATHS = NO;
				CLANG_ANALYZER_NONNULL = YES;
				CLANG_CXX_LANGUAGE_STANDARD = "gnu++0x";
				CLANG_CXX_LIBRARY = "libc++";
				CLANG_ENABLE_MODULES = YES;
				CLANG_ENABLE_OBJC_ARC = YES;
				CLANG_WARN_BOOL_CONVERSION = YES;
				CLANG_WARN_CONSTANT_CONVERSION = YES;
				CLANG_WARN_DIRECT_OBJC_ISA_USAGE = YES_ERROR;
				CLANG_WARN_DOCUMENTATION_COMMENTS = YES;
				CLANG_WARN_EMPTY_BODY = YES;
				CLANG_WARN_ENUM_CONVERSION = YES;
				CLANG_WARN_INFINITE_RECURSION = YES;
				CLANG_WARN_INT_CONVERSION = YES;
				CLANG_WARN_OBJC_ROOT_CLASS = YES_ERROR;
				CLANG_WARN_SUSPICIOUS_MOVES = YES;
				CLANG_WARN_UNREACHABLE_CODE = YES;
				CLANG_WARN__DUPLICATE_METHOD_MATCH = YES;
				"CODE_SIGN_IDENTITY[sdk=iphoneos*]" = "iPhone Developer";
				COPY_PHASE_STRIP = NO;
				DEBUG_INFORMATION_FORMAT = dwarf;
				ENABLE_STRICT_OBJC_MSGSEND = YES;
				ENABLE_TESTABILITY = YES;
				GCC_C_LANGUAGE_STANDARD = gnu99;
				GCC_DYNAMIC_NO_PIC = NO;
				GCC_NO_COMMON_BLOCKS = YES;
				GCC_OPTIMIZATION_LEVEL = 0;
				GCC_PREPROCESSOR_DEFINITIONS = (
					"DEBUG=1",
					"$(inherited)",
				);
				GCC_WARN_64_TO_32_BIT_CONVERSION = YES;
				GCC_WARN_ABOUT_RETURN_TYPE = YES_ERROR;
				GCC_WARN_UNDECLARED_SELECTOR = YES;
				GCC_WARN_UNINITIALIZED_AUTOS = YES_AGGRESSIVE;
				GCC_WARN_UNUSED_FUNCTION = YES;
				GCC_WARN_UNUSED_VARIABLE = YES;
				IPHONEOS_DEPLOYMENT_TARGET = 10.0;
				MTL_ENABLE_DEBUG_INFO = YES;
				ONLY_ACTIVE_ARCH = YES;
				SDKROOT = iphoneos;
				TARGETED_DEVICE_FAMILY = "1,2";
			};
			name = Debug;
		};
		6FDC93E81DE8311800991663 /* Release */ = {
			isa = XCBuildConfiguration;
			buildSettings = {
				ALWAYS_SEARCH_USER_PATHS = NO;
				CLANG_ANALYZER_NONNULL = YES;
				CLANG_CXX_LANGUAGE_STANDARD = "gnu++0x";
				CLANG_CXX_LIBRARY = "libc++";
				CLANG_ENABLE_MODULES = YES;
				CLANG_ENABLE_OBJC_ARC = YES;
				CLANG_WARN_BOOL_CONVERSION = YES;
				CLANG_WARN_CONSTANT_CONVERSION = YES;
				CLANG_WARN_DIRECT_OBJC_ISA_USAGE = YES_ERROR;
				CLANG_WARN_DOCUMENTATION_COMMENTS = YES;
				CLANG_WARN_EMPTY_BODY = YES;
				CLANG_WARN_ENUM_CONVERSION = YES;
				CLANG_WARN_INFINITE_RECURSION = YES;
				CLANG_WARN_INT_CONVERSION = YES;
				CLANG_WARN_OBJC_ROOT_CLASS = YES_ERROR;
				CLANG_WARN_SUSPICIOUS_MOVES = YES;
				CLANG_WARN_UNREACHABLE_CODE = YES;
				CLANG_WARN__DUPLICATE_METHOD_MATCH = YES;
				"CODE_SIGN_IDENTITY[sdk=iphoneos*]" = "iPhone Developer";
				COPY_PHASE_STRIP = NO;
				DEBUG_INFORMATION_FORMAT = "dwarf-with-dsym";
				ENABLE_NS_ASSERTIONS = NO;
				ENABLE_STRICT_OBJC_MSGSEND = YES;
				GCC_C_LANGUAGE_STANDARD = gnu99;
				GCC_NO_COMMON_BLOCKS = YES;
				GCC_WARN_64_TO_32_BIT_CONVERSION = YES;
				GCC_WARN_ABOUT_RETURN_TYPE = YES_ERROR;
				GCC_WARN_UNDECLARED_SELECTOR = YES;
				GCC_WARN_UNINITIALIZED_AUTOS = YES_AGGRESSIVE;
				GCC_WARN_UNUSED_FUNCTION = YES;
				GCC_WARN_UNUSED_VARIABLE = YES;
				IPHONEOS_DEPLOYMENT_TARGET = 10.0;
				MTL_ENABLE_DEBUG_INFO = NO;
				SDKROOT = iphoneos;
				TARGETED_DEVICE_FAMILY = "1,2";
				VALIDATE_PRODUCT = YES;
			};
			name = Release;
		};
		6FDC93EA1DE8311800991663 /* Debug */ = {
			isa = XCBuildConfiguration;
			buildSettings = {
				ASSETCATALOG_COMPILER_APPICON_NAME = AppIcon;
				"CODE_SIGN_IDENTITY[sdk=iphoneos*]" = "iPhone Developer";
				DEVELOPMENT_TEAM = 8Z3BCBA7P2;
				INFOPLIST_FILE = "Socket通信/Info.plist";
				IPHONEOS_DEPLOYMENT_TARGET = 8.1;
				LD_RUNPATH_SEARCH_PATHS = "$(inherited) @executable_path/Frameworks";
				PRODUCT_BUNDLE_IDENTIFIER = com.socket.sunxiaolin.Product;
				PRODUCT_NAME = "$(TARGET_NAME)";
				PROVISIONING_PROFILE = "";
				PROVISIONING_PROFILE_SPECIFIER = "";
			};
			name = Debug;
		};
		6FDC93EB1DE8311800991663 /* Release */ = {
			isa = XCBuildConfiguration;
			buildSettings = {
				ASSETCATALOG_COMPILER_APPICON_NAME = AppIcon;
				"CODE_SIGN_IDENTITY[sdk=iphoneos*]" = "iPhone Developer";
				DEVELOPMENT_TEAM = 8Z3BCBA7P2;
				INFOPLIST_FILE = "Socket通信/Info.plist";
				IPHONEOS_DEPLOYMENT_TARGET = 8.1;
				LD_RUNPATH_SEARCH_PATHS = "$(inherited) @executable_path/Frameworks";
				PRODUCT_BUNDLE_IDENTIFIER = com.socket.sunxiaolin.Product;
				PRODUCT_NAME = "$(TARGET_NAME)";
				PROVISIONING_PROFILE = "";
				PROVISIONING_PROFILE_SPECIFIER = "";
			};
			name = Release;
		};
		6FDC93ED1DE8311800991663 /* Debug */ = {
			isa = XCBuildConfiguration;
			buildSettings = {
				BUNDLE_LOADER = "$(TEST_HOST)";
				DEVELOPMENT_TEAM = 8Z3BCBA7P2;
				INFOPLIST_FILE = "Socket通信Tests/Info.plist";
				LD_RUNPATH_SEARCH_PATHS = "$(inherited) @executable_path/Frameworks @loader_path/Frameworks";
				PRODUCT_BUNDLE_IDENTIFIER = "--.Socket--Tests";
				PRODUCT_NAME = "$(TARGET_NAME)";
				TEST_HOST = "$(BUILT_PRODUCTS_DIR)/Socket通信.app/Socket通信";
			};
			name = Debug;
		};
		6FDC93EE1DE8311800991663 /* Release */ = {
			isa = XCBuildConfiguration;
			buildSettings = {
				BUNDLE_LOADER = "$(TEST_HOST)";
				DEVELOPMENT_TEAM = 8Z3BCBA7P2;
				INFOPLIST_FILE = "Socket通信Tests/Info.plist";
				LD_RUNPATH_SEARCH_PATHS = "$(inherited) @executable_path/Frameworks @loader_path/Frameworks";
				PRODUCT_BUNDLE_IDENTIFIER = "--.Socket--Tests";
				PRODUCT_NAME = "$(TARGET_NAME)";
				TEST_HOST = "$(BUILT_PRODUCTS_DIR)/Socket通信.app/Socket通信";
			};
			name = Release;
		};
		6FDC93F01DE8311800991663 /* Debug */ = {
			isa = XCBuildConfiguration;
			buildSettings = {
				DEVELOPMENT_TEAM = 8Z3BCBA7P2;
				INFOPLIST_FILE = "Socket通信UITests/Info.plist";
				LD_RUNPATH_SEARCH_PATHS = "$(inherited) @executable_path/Frameworks @loader_path/Frameworks";
				PRODUCT_BUNDLE_IDENTIFIER = "--.Socket--UITests";
				PRODUCT_NAME = "$(TARGET_NAME)";
				TEST_TARGET_NAME = "Socket通信";
			};
			name = Debug;
		};
		6FDC93F11DE8311800991663 /* Release */ = {
			isa = XCBuildConfiguration;
			buildSettings = {
				DEVELOPMENT_TEAM = 8Z3BCBA7P2;
				INFOPLIST_FILE = "Socket通信UITests/Info.plist";
				LD_RUNPATH_SEARCH_PATHS = "$(inherited) @executable_path/Frameworks @loader_path/Frameworks";
				PRODUCT_BUNDLE_IDENTIFIER = "--.Socket--UITests";
				PRODUCT_NAME = "$(TARGET_NAME)";
				TEST_TARGET_NAME = "Socket通信";
			};
			name = Release;
		};
/* End XCBuildConfiguration section */

/* Begin XCConfigurationList section */
		6FDC93B71DE8311700991663 /* Build configuration list for PBXProject "Socket通信" */ = {
			isa = XCConfigurationList;
			buildConfigurations = (
				6FDC93E71DE8311800991663 /* Debug */,
				6FDC93E81DE8311800991663 /* Release */,
			);
			defaultConfigurationIsVisible = 0;
			defaultConfigurationName = Release;
		};
		6FDC93E91DE8311800991663 /* Build configuration list for PBXNativeTarget "Socket通信" */ = {
			isa = XCConfigurationList;
			buildConfigurations = (
				6FDC93EA1DE8311800991663 /* Debug */,
				6FDC93EB1DE8311800991663 /* Release */,
			);
			defaultConfigurationIsVisible = 0;
			defaultConfigurationName = Release;
		};
		6FDC93EC1DE8311800991663 /* Build configuration list for PBXNativeTarget "Socket通信Tests" */ = {
			isa = XCConfigurationList;
			buildConfigurations = (
				6FDC93ED1DE8311800991663 /* Debug */,
				6FDC93EE1DE8311800991663 /* Release */,
			);
			defaultConfigurationIsVisible = 0;
			defaultConfigurationName = Release;
		};
		6FDC93EF1DE8311800991663 /* Build configuration list for PBXNativeTarget "Socket通信UITests" */ = {
			isa = XCConfigurationList;
			buildConfigurations = (
				6FDC93F01DE8311800991663 /* Debug */,
				6FDC93F11DE8311800991663 /* Release */,
			);
			defaultConfigurationIsVisible = 0;
			defaultConfigurationName = Release;
		};
/* End XCConfigurationList section */
	};
	rootObject = 6FDC93B41DE8311700991663 /* Project object */;
}
